// !$*UTF8*$!
{
	archiveVersion = 1;
	classes = {
	};
	objectVersion = 56;
	objects = {

/* Begin PBXBuildFile section */
		D345241A29A81C6B00A67171 /* LandMarksApp.swift in Sources */ = {isa = PBXBuildFile; fileRef = D345241929A81C6B00A67171 /* LandMarksApp.swift */; };
		D345241C29A81C6B00A67171 /* ContentView.swift in Sources */ = {isa = PBXBuildFile; fileRef = D345241B29A81C6B00A67171 /* ContentView.swift */; };
		D345241E29A81C6F00A67171 /* Assets.xcassets in Resources */ = {isa = PBXBuildFile; fileRef = D345241D29A81C6F00A67171 /* Assets.xcassets */; };
		D345242129A81C6F00A67171 /* Preview Assets.xcassets in Resources */ = {isa = PBXBuildFile; fileRef = D345242029A81C6F00A67171 /* Preview Assets.xcassets */; };
		D345242B29A81C6F00A67171 /* LandMarksTests.swift in Sources */ = {isa = PBXBuildFile; fileRef = D345242A29A81C6F00A67171 /* LandMarksTests.swift */; };
		D345243529A81C6F00A67171 /* LandMarksUITests.swift in Sources */ = {isa = PBXBuildFile; fileRef = D345243429A81C6F00A67171 /* LandMarksUITests.swift */; };
		D345243729A81C6F00A67171 /* LandMarksUITestsLaunchTests.swift in Sources */ = {isa = PBXBuildFile; fileRef = D345243629A81C6F00A67171 /* LandMarksUITestsLaunchTests.swift */; };
		D345244429A83FFA00A67171 /* CircleImage.swift in Sources */ = {isa = PBXBuildFile; fileRef = D345244329A83FFA00A67171 /* CircleImage.swift */; };
		D345244629A8414400A67171 /* MapView.swift in Sources */ = {isa = PBXBuildFile; fileRef = D345244529A8414400A67171 /* MapView.swift */; };
		D345244829A8558300A67171 /* landmarkData.json in Resources */ = {isa = PBXBuildFile; fileRef = D345244729A8558300A67171 /* landmarkData.json */; };
		D345244A29A855BB00A67171 /* Landmark.swift in Sources */ = {isa = PBXBuildFile; fileRef = D345244929A855BB00A67171 /* Landmark.swift */; };
		D36E08BC29AC493700F39FA9 /* LandmarkList.swift in Sources */ = {isa = PBXBuildFile; fileRef = D36E08BB29AC493700F39FA9 /* LandmarkList.swift */; };
		D3EA8FFC29A85AF9002390E4 /* ModelData.swift in Sources */ = {isa = PBXBuildFile; fileRef = D3EA8FFB29A85AF9002390E4 /* ModelData.swift */; };
		D3EA900129A85E41002390E4 /* LandmarkRow.swift in Sources */ = {isa = PBXBuildFile; fileRef = D3EA900029A85E41002390E4 /* LandmarkRow.swift */; };
/* End PBXBuildFile section */

/* Begin PBXContainerItemProxy section */
		D345242729A81C6F00A67171 /* PBXContainerItemProxy */ = {
			isa = PBXContainerItemProxy;
			containerPortal = D345240E29A81C6A00A67171 /* Project object */;
			proxyType = 1;
			remoteGlobalIDString = D345241529A81C6A00A67171;
			remoteInfo = LandMarks;
		};
		D345243129A81C6F00A67171 /* PBXContainerItemProxy */ = {
			isa = PBXContainerItemProxy;
			containerPortal = D345240E29A81C6A00A67171 /* Project object */;
			proxyType = 1;
			remoteGlobalIDString = D345241529A81C6A00A67171;
			remoteInfo = LandMarks;
		};
/* End PBXContainerItemProxy section */

/* Begin PBXFileReference section */
		D345241629A81C6B00A67171 /* LandMarks.app */ = {isa = PBXFileReference; explicitFileType = wrapper.application; includeInIndex = 0; path = LandMarks.app; sourceTree = BUILT_PRODUCTS_DIR; };
		D345241929A81C6B00A67171 /* LandMarksApp.swift */ = {isa = PBXFileReference; lastKnownFileType = sourcecode.swift; path = LandMarksApp.swift; sourceTree = "<group>"; };
		D345241B29A81C6B00A67171 /* ContentView.swift */ = {isa = PBXFileReference; lastKnownFileType = sourcecode.swift; path = ContentView.swift; sourceTree = "<group>"; };
		D345241D29A81C6F00A67171 /* Assets.xcassets */ = {isa = PBXFileReference; lastKnownFileType = folder.assetcatalog; path = Assets.xcassets; sourceTree = "<group>"; };
		D345242029A81C6F00A67171 /* Preview Assets.xcassets */ = {isa = PBXFileReference; lastKnownFileType = folder.assetcatalog; path = "Preview Assets.xcassets"; sourceTree = "<group>"; };
		D345242629A81C6F00A67171 /* LandMarksTests.xctest */ = {isa = PBXFileReference; explicitFileType = wrapper.cfbundle; includeInIndex = 0; path = LandMarksTests.xctest; sourceTree = BUILT_PRODUCTS_DIR; };
		D345242A29A81C6F00A67171 /* LandMarksTests.swift */ = {isa = PBXFileReference; lastKnownFileType = sourcecode.swift; path = LandMarksTests.swift; sourceTree = "<group>"; };
		D345243029A81C6F00A67171 /* LandMarksUITests.xctest */ = {isa = PBXFileReference; explicitFileType = wrapper.cfbundle; includeInIndex = 0; path = LandMarksUITests.xctest; sourceTree = BUILT_PRODUCTS_DIR; };
		D345243429A81C6F00A67171 /* LandMarksUITests.swift */ = {isa = PBXFileReference; lastKnownFileType = sourcecode.swift; path = LandMarksUITests.swift; sourceTree = "<group>"; };
		D345243629A81C6F00A67171 /* LandMarksUITestsLaunchTests.swift */ = {isa = PBXFileReference; lastKnownFileType = sourcecode.swift; path = LandMarksUITestsLaunchTests.swift; sourceTree = "<group>"; };
		D345244329A83FFA00A67171 /* CircleImage.swift */ = {isa = PBXFileReference; lastKnownFileType = sourcecode.swift; path = CircleImage.swift; sourceTree = "<group>"; };
		D345244529A8414400A67171 /* MapView.swift */ = {isa = PBXFileReference; lastKnownFileType = sourcecode.swift; path = MapView.swift; sourceTree = "<group>"; };
		D345244729A8558300A67171 /* landmarkData.json */ = {isa = PBXFileReference; fileEncoding = 4; lastKnownFileType = text.json; path = landmarkData.json; sourceTree = "<group>"; };
		D345244929A855BB00A67171 /* Landmark.swift */ = {isa = PBXFileReference; lastKnownFileType = sourcecode.swift; path = Landmark.swift; sourceTree = "<group>"; };
		D36E08BB29AC493700F39FA9 /* LandmarkList.swift */ = {isa = PBXFileReference; lastKnownFileType = sourcecode.swift; path = LandmarkList.swift; sourceTree = "<group>"; };
		D3EA8FFB29A85AF9002390E4 /* ModelData.swift */ = {isa = PBXFileReference; lastKnownFileType = sourcecode.swift; path = ModelData.swift; sourceTree = "<group>"; };
		D3EA900029A85E41002390E4 /* LandmarkRow.swift */ = {isa = PBXFileReference; lastKnownFileType = sourcecode.swift; path = LandmarkRow.swift; sourceTree = "<group>"; };
/* End PBXFileReference section */

/* Begin PBXFrameworksBuildPhase section */
		D345241329A81C6A00A67171 /* Frameworks */ = {
			isa = PBXFrameworksBuildPhase;
			buildActionMask = 2147483647;
			files = (
			);
			runOnlyForDeploymentPostprocessing = 0;
		};
		D345242329A81C6F00A67171 /* Frameworks */ = {
			isa = PBXFrameworksBuildPhase;
			buildActionMask = 2147483647;
			files = (
			);
			runOnlyForDeploymentPostprocessing = 0;
		};
		D345242D29A81C6F00A67171 /* Frameworks */ = {
			isa = PBXFrameworksBuildPhase;
			buildActionMask = 2147483647;
			files = (
			);
			runOnlyForDeploymentPostprocessing = 0;
		};
/* End PBXFrameworksBuildPhase section */

/* Begin PBXGroup section */
		D345240D29A81C6A00A67171 = {
			isa = PBXGroup;
			children = (
				D345241829A81C6B00A67171 /* LandMarks */,
				D345242929A81C6F00A67171 /* LandMarksTests */,
				D345243329A81C6F00A67171 /* LandMarksUITests */,
				D345241729A81C6B00A67171 /* Products */,
			);
			sourceTree = "<group>";
		};
		D345241729A81C6B00A67171 /* Products */ = {
			isa = PBXGroup;
			children = (
				D345241629A81C6B00A67171 /* LandMarks.app */,
				D345242629A81C6F00A67171 /* LandMarksTests.xctest */,
				D345243029A81C6F00A67171 /* LandMarksUITests.xctest */,
			);
			name = Products;
			sourceTree = "<group>";
		};
		D345241829A81C6B00A67171 /* LandMarks */ = {
			isa = PBXGroup;
			children = (
				D345241929A81C6B00A67171 /* LandMarksApp.swift */,
				D3EA8FFE29A85DC6002390E4 /* Model */,
				D3EA8FFD29A85D84002390E4 /* Views */,
				D345241D29A81C6F00A67171 /* Assets.xcassets */,
				D3EA8FFF29A85DE9002390E4 /* Resources */,
				D345241F29A81C6F00A67171 /* Preview Content */,
			);
			path = LandMarks;
			sourceTree = "<group>";
		};
		D345241F29A81C6F00A67171 /* Preview Content */ = {
			isa = PBXGroup;
			children = (
				D345242029A81C6F00A67171 /* Preview Assets.xcassets */,
			);
			path = "Preview Content";
			sourceTree = "<group>";
		};
		D345242929A81C6F00A67171 /* LandMarksTests */ = {
			isa = PBXGroup;
			children = (
				D345242A29A81C6F00A67171 /* LandMarksTests.swift */,
			);
			path = LandMarksTests;
			sourceTree = "<group>";
		};
		D345243329A81C6F00A67171 /* LandMarksUITests */ = {
			isa = PBXGroup;
			children = (
				D345243429A81C6F00A67171 /* LandMarksUITests.swift */,
				D345243629A81C6F00A67171 /* LandMarksUITestsLaunchTests.swift */,
			);
			path = LandMarksUITests;
			sourceTree = "<group>";
		};
		D3EA8FFD29A85D84002390E4 /* Views */ = {
			isa = PBXGroup;
			children = (
				D345241B29A81C6B00A67171 /* ContentView.swift */,
				D345244329A83FFA00A67171 /* CircleImage.swift */,
				D345244529A8414400A67171 /* MapView.swift */,
				D3EA900029A85E41002390E4 /* LandmarkRow.swift */,
				D36E08BB29AC493700F39FA9 /* LandmarkList.swift */,
			);
			path = Views;
			sourceTree = "<group>";
		};
		D3EA8FFE29A85DC6002390E4 /* Model */ = {
			isa = PBXGroup;
			children = (
				D3EA8FFB29A85AF9002390E4 /* ModelData.swift */,
				D345244929A855BB00A67171 /* Landmark.swift */,
			);
			path = Model;
			sourceTree = "<group>";
		};
		D3EA8FFF29A85DE9002390E4 /* Resources */ = {
			isa = PBXGroup;
			children = (
				D345244729A8558300A67171 /* landmarkData.json */,
			);
			path = Resources;
			sourceTree = "<group>";
		};
/* End PBXGroup section */

/* Begin PBXNativeTarget section */
		D345241529A81C6A00A67171 /* LandMarks */ = {
			isa = PBXNativeTarget;
			buildConfigurationList = D345243A29A81C6F00A67171 /* Build configuration list for PBXNativeTarget "LandMarks" */;
			buildPhases = (
				D345241229A81C6A00A67171 /* Sources */,
				D345241329A81C6A00A67171 /* Frameworks */,
				D345241429A81C6A00A67171 /* Resources */,
			);
			buildRules = (
			);
			dependencies = (
			);
			name = LandMarks;
			productName = LandMarks;
			productReference = D345241629A81C6B00A67171 /* LandMarks.app */;
			productType = "com.apple.product-type.application";
		};
		D345242529A81C6F00A67171 /* LandMarksTests */ = {
			isa = PBXNativeTarget;
			buildConfigurationList = D345243D29A81C6F00A67171 /* Build configuration list for PBXNativeTarget "LandMarksTests" */;
			buildPhases = (
				D345242229A81C6F00A67171 /* Sources */,
				D345242329A81C6F00A67171 /* Frameworks */,
				D345242429A81C6F00A67171 /* Resources */,
			);
			buildRules = (
			);
			dependencies = (
				D345242829A81C6F00A67171 /* PBXTargetDependency */,
			);
			name = LandMarksTests;
			productName = LandMarksTests;
			productReference = D345242629A81C6F00A67171 /* LandMarksTests.xctest */;
			productType = "com.apple.product-type.bundle.unit-test";
		};
		D345242F29A81C6F00A67171 /* LandMarksUITests */ = {
			isa = PBXNativeTarget;
			buildConfigurationList = D345244029A81C6F00A67171 /* Build configuration list for PBXNativeTarget "LandMarksUITests" */;
			buildPhases = (
				D345242C29A81C6F00A67171 /* Sources */,
				D345242D29A81C6F00A67171 /* Frameworks */,
				D345242E29A81C6F00A67171 /* Resources */,
			);
			buildRules = (
			);
			dependencies = (
				D345243229A81C6F00A67171 /* PBXTargetDependency */,
			);
			name = LandMarksUITests;
			productName = LandMarksUITests;
			productReference = D345243029A81C6F00A67171 /* LandMarksUITests.xctest */;
			productType = "com.apple.product-type.bundle.ui-testing";
		};
/* End PBXNativeTarget section */

/* Begin PBXProject section */
		D345240E29A81C6A00A67171 /* Project object */ = {
			isa = PBXProject;
			attributes = {
				BuildIndependentTargetsInParallel = 1;
				LastSwiftUpdateCheck = 1420;
				LastUpgradeCheck = 1420;
				TargetAttributes = {
					D345241529A81C6A00A67171 = {
						CreatedOnToolsVersion = 14.2;
					};
					D345242529A81C6F00A67171 = {
						CreatedOnToolsVersion = 14.2;
						TestTargetID = D345241529A81C6A00A67171;
					};
					D345242F29A81C6F00A67171 = {
						CreatedOnToolsVersion = 14.2;
						TestTargetID = D345241529A81C6A00A67171;
					};
				};
			};
			buildConfigurationList = D345241129A81C6A00A67171 /* Build configuration list for PBXProject "LandMarks" */;
			compatibilityVersion = "Xcode 14.0";
			developmentRegion = en;
			hasScannedForEncodings = 0;
			knownRegions = (
				en,
				Base,
			);
			mainGroup = D345240D29A81C6A00A67171;
			productRefGroup = D345241729A81C6B00A67171 /* Products */;
			projectDirPath = "";
			projectRoot = "";
			targets = (
				D345241529A81C6A00A67171 /* LandMarks */,
				D345242529A81C6F00A67171 /* LandMarksTests */,
				D345242F29A81C6F00A67171 /* LandMarksUITests */,
			);
		};
/* End PBXProject section */

/* Begin PBXResourcesBuildPhase section */
		D345241429A81C6A00A67171 /* Resources */ = {
			isa = PBXResourcesBuildPhase;
			buildActionMask = 2147483647;
			files = (
				D345242129A81C6F00A67171 /* Preview Assets.xcassets in Resources */,
				D345241E29A81C6F00A67171 /* Assets.xcassets in Resources */,
				D345244829A8558300A67171 /* landmarkData.json in Resources */,
			);
			runOnlyForDeploymentPostprocessing = 0;
		};
		D345242429A81C6F00A67171 /* Resources */ = {
			isa = PBXResourcesBuildPhase;
			buildActionMask = 2147483647;
			files = (
			);
			runOnlyForDeploymentPostprocessing = 0;
		};
		D345242E29A81C6F00A67171 /* Resources */ = {
			isa = PBXResourcesBuildPhase;
			buildActionMask = 2147483647;
			files = (
			);
			runOnlyForDeploymentPostprocessing = 0;
		};
/* End PBXResourcesBuildPhase section */

/* Begin PBXSourcesBuildPhase section */
		D345241229A81C6A00A67171 /* Sources */ = {
			isa = PBXSourcesBuildPhase;
			buildActionMask = 2147483647;
			files = (
				D345241C29A81C6B00A67171 /* ContentView.swift in Sources */,
				D345244629A8414400A67171 /* MapView.swift in Sources */,
				D345241A29A81C6B00A67171 /* LandMarksApp.swift in Sources */,
				D36E08BC29AC493700F39FA9 /* LandmarkList.swift in Sources */,
				D345244429A83FFA00A67171 /* CircleImage.swift in Sources */,
				D345244A29A855BB00A67171 /* Landmark.swift in Sources */,
				D3EA900129A85E41002390E4 /* LandmarkRow.swift in Sources */,
				D3EA8FFC29A85AF9002390E4 /* ModelData.swift in Sources */,
			);
			runOnlyForDeploymentPostprocessing = 0;
		};
		D345242229A81C6F00A67171 /* Sources */ = {
			isa = PBXSourcesBuildPhase;
			buildActionMask = 2147483647;
			files = (
				D345242B29A81C6F00A67171 /* LandMarksTests.swift in Sources */,
			);
			runOnlyForDeploymentPostprocessing = 0;
		};
		D345242C29A81C6F00A67171 /* Sources */ = {
			isa = PBXSourcesBuildPhase;
			buildActionMask = 2147483647;
			files = (
				D345243729A81C6F00A67171 /* LandMarksUITestsLaunchTests.swift in Sources */,
				D345243529A81C6F00A67171 /* LandMarksUITests.swift in Sources */,
			);
			runOnlyForDeploymentPostprocessing = 0;
		};
/* End PBXSourcesBuildPhase section */

/* Begin PBXTargetDependency section */
		D345242829A81C6F00A67171 /* PBXTargetDependency */ = {
			isa = PBXTargetDependency;
			target = D345241529A81C6A00A67171 /* LandMarks */;
			targetProxy = D345242729A81C6F00A67171 /* PBXContainerItemProxy */;
		};
		D345243229A81C6F00A67171 /* PBXTargetDependency */ = {
			isa = PBXTargetDependency;
			target = D345241529A81C6A00A67171 /* LandMarks */;
			targetProxy = D345243129A81C6F00A67171 /* PBXContainerItemProxy */;
		};
/* End PBXTargetDependency section */

/* Begin XCBuildConfiguration section */
		D345243829A81C6F00A67171 /* Debug */ = {
			isa = XCBuildConfiguration;
			buildSettings = {
				ALWAYS_SEARCH_USER_PATHS = NO;
				CLANG_ANALYZER_NONNULL = YES;
				CLANG_ANALYZER_NUMBER_OBJECT_CONVERSION = YES_AGGRESSIVE;
				CLANG_CXX_LANGUAGE_STANDARD = "gnu++20";
				CLANG_ENABLE_MODULES = YES;
				CLANG_ENABLE_OBJC_ARC = YES;
				CLANG_ENABLE_OBJC_WEAK = YES;
				CLANG_WARN_BLOCK_CAPTURE_AUTORELEASING = YES;
				CLANG_WARN_BOOL_CONVERSION = YES;
				CLANG_WARN_COMMA = YES;
				CLANG_WARN_CONSTANT_CONVERSION = YES;
				CLANG_WARN_DEPRECATED_OBJC_IMPLEMENTATIONS = YES;
				CLANG_WARN_DIRECT_OBJC_ISA_USAGE = YES_ERROR;
				CLANG_WARN_DOCUMENTATION_COMMENTS = YES;
				CLANG_WARN_EMPTY_BODY = YES;
				CLANG_WARN_ENUM_CONVERSION = YES;
				CLANG_WARN_INFINITE_RECURSION = YES;
				CLANG_WARN_INT_CONVERSION = YES;
				CLANG_WARN_NON_LITERAL_NULL_CONVERSION = YES;
				CLANG_WARN_OBJC_IMPLICIT_RETAIN_SELF = YES;
				CLANG_WARN_OBJC_LITERAL_CONVERSION = YES;
				CLANG_WARN_OBJC_ROOT_CLASS = YES_ERROR;
				CLANG_WARN_QUOTED_INCLUDE_IN_FRAMEWORK_HEADER = YES;
				CLANG_WARN_RANGE_LOOP_ANALYSIS = YES;
				CLANG_WARN_STRICT_PROTOTYPES = YES;
				CLANG_WARN_SUSPICIOUS_MOVE = YES;
				CLANG_WARN_UNGUARDED_AVAILABILITY = YES_AGGRESSIVE;
				CLANG_WARN_UNREACHABLE_CODE = YES;
				CLANG_WARN__DUPLICATE_METHOD_MATCH = YES;
				COPY_PHASE_STRIP = NO;
				DEBUG_INFORMATION_FORMAT = dwarf;
				ENABLE_STRICT_OBJC_MSGSEND = YES;
				ENABLE_TESTABILITY = YES;
				GCC_C_LANGUAGE_STANDARD = gnu11;
				GCC_DYNAMIC_NO_PIC = NO;
				GCC_NO_COMMON_BLOCKS = YES;
				GCC_OPTIMIZATION_LEVEL = 0;
				GCC_PREPROCESSOR_DEFINITIONS = (
					"DEBUG=1",
					"$(inherited)",
				);
				GCC_WARN_64_TO_32_BIT_CONVERSION = YES;
				GCC_WARN_ABOUT_RETURN_TYPE = YES_ERROR;
				GCC_WARN_UNDECLARED_SELECTOR = YES;
				GCC_WARN_UNINITIALIZED_AUTOS = YES_AGGRESSIVE;
				GCC_WARN_UNUSED_FUNCTION = YES;
				GCC_WARN_UNUSED_VARIABLE = YES;
				IPHONEOS_DEPLOYMENT_TARGET = 16.2;
				MTL_ENABLE_DEBUG_INFO = INCLUDE_SOURCE;
				MTL_FAST_MATH = YES;
				ONLY_ACTIVE_ARCH = YES;
				SDKROOT = iphoneos;
				SWIFT_ACTIVE_COMPILATION_CONDITIONS = DEBUG;
				SWIFT_OPTIMIZATION_LEVEL = "-Onone";
			};
			name = Debug;
		};
		D345243929A81C6F00A67171 /* Release */ = {
			isa = XCBuildConfiguration;
			buildSettings = {
				ALWAYS_SEARCH_USER_PATHS = NO;
				CLANG_ANALYZER_NONNULL = YES;
				CLANG_ANALYZER_NUMBER_OBJECT_CONVERSION = YES_AGGRESSIVE;
				CLANG_CXX_LANGUAGE_STANDARD = "gnu++20";
				CLANG_ENABLE_MODULES = YES;
				CLANG_ENABLE_OBJC_ARC = YES;
				CLANG_ENABLE_OBJC_WEAK = YES;
				CLANG_WARN_BLOCK_CAPTURE_AUTORELEASING = YES;
				CLANG_WARN_BOOL_CONVERSION = YES;
				CLANG_WARN_COMMA = YES;
				CLANG_WARN_CONSTANT_CONVERSION = YES;
				CLANG_WARN_DEPRECATED_OBJC_IMPLEMENTATIONS = YES;
				CLANG_WARN_DIRECT_OBJC_ISA_USAGE = YES_ERROR;
				CLANG_WARN_DOCUMENTATION_COMMENTS = YES;
				CLANG_WARN_EMPTY_BODY = YES;
				CLANG_WARN_ENUM_CONVERSION = YES;
				CLANG_WARN_INFINITE_RECURSION = YES;
				CLANG_WARN_INT_CONVERSION = YES;
				CLANG_WARN_NON_LITERAL_NULL_CONVERSION = YES;
				CLANG_WARN_OBJC_IMPLICIT_RETAIN_SELF = YES;
				CLANG_WARN_OBJC_LITERAL_CONVERSION = YES;
				CLANG_WARN_OBJC_ROOT_CLASS = YES_ERROR;
				CLANG_WARN_QUOTED_INCLUDE_IN_FRAMEWORK_HEADER = YES;
				CLANG_WARN_RANGE_LOOP_ANALYSIS = YES;
				CLANG_WARN_STRICT_PROTOTYPES = YES;
				CLANG_WARN_SUSPICIOUS_MOVE = YES;
				CLANG_WARN_UNGUARDED_AVAILABILITY = YES_AGGRESSIVE;
				CLANG_WARN_UNREACHABLE_CODE = YES;
				CLANG_WARN__DUPLICATE_METHOD_MATCH = YES;
				COPY_PHASE_STRIP = NO;
				DEBUG_INFORMATION_FORMAT = "dwarf-with-dsym";
				ENABLE_NS_ASSERTIONS = NO;
				ENABLE_STRICT_OBJC_MSGSEND = YES;
				GCC_C_LANGUAGE_STANDARD = gnu11;
				GCC_NO_COMMON_BLOCKS = YES;
				GCC_WARN_64_TO_32_BIT_CONVERSION = YES;
				GCC_WARN_ABOUT_RETURN_TYPE = YES_ERROR;
				GCC_WARN_UNDECLARED_SELECTOR = YES;
				GCC_WARN_UNINITIALIZED_AUTOS = YES_AGGRESSIVE;
				GCC_WARN_UNUSED_FUNCTION = YES;
				GCC_WARN_UNUSED_VARIABLE = YES;
				IPHONEOS_DEPLOYMENT_TARGET = 16.2;
				MTL_ENABLE_DEBUG_INFO = NO;
				MTL_FAST_MATH = YES;
				SDKROOT = iphoneos;
				SWIFT_COMPILATION_MODE = wholemodule;
				SWIFT_OPTIMIZATION_LEVEL = "-O";
				VALIDATE_PRODUCT = YES;
			};
			name = Release;
		};
		D345243B29A81C6F00A67171 /* Debug */ = {
			isa = XCBuildConfiguration;
			buildSettings = {
				ASSETCATALOG_COMPILER_APPICON_NAME = AppIcon;
				ASSETCATALOG_COMPILER_GLOBAL_ACCENT_COLOR_NAME = AccentColor;
				CODE_SIGN_STYLE = Automatic;
				CURRENT_PROJECT_VERSION = 1;
				DEVELOPMENT_ASSET_PATHS = "\"LandMarks/Preview Content\"";
				DEVELOPMENT_TEAM = L8YJUVC7S3;
				ENABLE_PREVIEWS = YES;
				GENERATE_INFOPLIST_FILE = YES;
				INFOPLIST_KEY_UIApplicationSceneManifest_Generation = YES;
				INFOPLIST_KEY_UIApplicationSupportsIndirectInputEvents = YES;
				INFOPLIST_KEY_UILaunchScreen_Generation = YES;
				INFOPLIST_KEY_UISupportedInterfaceOrientations_iPad = "UIInterfaceOrientationPortrait UIInterfaceOrientationPortraitUpsideDown UIInterfaceOrientationLandscapeLeft UIInterfaceOrientationLandscapeRight";
				INFOPLIST_KEY_UISupportedInterfaceOrientations_iPhone = "UIInterfaceOrientationPortrait UIInterfaceOrientationLandscapeLeft UIInterfaceOrientationLandscapeRight";
				LD_RUNPATH_SEARCH_PATHS = (
					"$(inherited)",
					"@executable_path/Frameworks",
				);
				MARKETING_VERSION = 1.0;
				PRODUCT_BUNDLE_IDENTIFIER = JosManuell.LandMarks;
				PRODUCT_NAME = "$(TARGET_NAME)";
				SWIFT_EMIT_LOC_STRINGS = YES;
				SWIFT_VERSION = 5.0;
				TARGETED_DEVICE_FAMILY = "1,2";
			};
			name = Debug;
		};
		D345243C29A81C6F00A67171 /* Release */ = {
			isa = XCBuildConfiguration;
			buildSettings = {
				ASSETCATALOG_COMPILER_APPICON_NAME = AppIcon;
				ASSETCATALOG_COMPILER_GLOBAL_ACCENT_COLOR_NAME = AccentColor;
				CODE_SIGN_STYLE = Automatic;
				CURRENT_PROJECT_VERSION = 1;
				DEVELOPMENT_ASSET_PATHS = "\"LandMarks/Preview Content\"";
				DEVELOPMENT_TEAM = L8YJUVC7S3;
				ENABLE_PREVIEWS = YES;
				GENERATE_INFOPLIST_FILE = YES;
				INFOPLIST_KEY_UIApplicationSceneManifest_Generation = YES;
				INFOPLIST_KEY_UIApplicationSupportsIndirectInputEvents = YES;
				INFOPLIST_KEY_UILaunchScreen_Generation = YES;
				INFOPLIST_KEY_UISupportedInterfaceOrientations_iPad = "UIInterfaceOrientationPortrait UIInterfaceOrientationPortraitUpsideDown UIInterfaceOrientationLandscapeLeft UIInterfaceOrientationLandscapeRight";
				INFOPLIST_KEY_UISupportedInterfaceOrientations_iPhone = "UIInterfaceOrientationPortrait UIInterfaceOrientationLandscapeLeft UIInterfaceOrientationLandscapeRight";
				LD_RUNPATH_SEARCH_PATHS = (
					"$(inherited)",
					"@executable_path/Frameworks",
				);
				MARKETING_VERSION = 1.0;
				PRODUCT_BUNDLE_IDENTIFIER = JosManuell.LandMarks;
				PRODUCT_NAME = "$(TARGET_NAME)";
				SWIFT_EMIT_LOC_STRINGS = YES;
				SWIFT_VERSION = 5.0;
				TARGETED_DEVICE_FAMILY = "1,2";
			};
			name = Release;
		};
		D345243E29A81C6F00A67171 /* Debug */ = {
			isa = XCBuildConfiguration;
			buildSettings = {
				ALWAYS_EMBED_SWIFT_STANDARD_LIBRARIES = YES;
				BUNDLE_LOADER = "$(TEST_HOST)";
				CODE_SIGN_STYLE = Automatic;
				CURRENT_PROJECT_VERSION = 1;
				DEVELOPMENT_TEAM = L8YJUVC7S3;
				GENERATE_INFOPLIST_FILE = YES;
				IPHONEOS_DEPLOYMENT_TARGET = 16.2;
				MARKETING_VERSION = 1.0;
				PRODUCT_BUNDLE_IDENTIFIER = JosManuell.LandMarksTests;
				PRODUCT_NAME = "$(TARGET_NAME)";
				SWIFT_EMIT_LOC_STRINGS = NO;
				SWIFT_VERSION = 5.0;
				TARGETED_DEVICE_FAMILY = "1,2";
				TEST_HOST = "$(BUILT_PRODUCTS_DIR)/LandMarks.app/$(BUNDLE_EXECUTABLE_FOLDER_PATH)/LandMarks";
			};
			name = Debug;
		};
		D345243F29A81C6F00A67171 /* Release */ = {
			isa = XCBuildConfiguration;
			buildSettings = {
				ALWAYS_EMBED_SWIFT_STANDARD_LIBRARIES = YES;
				BUNDLE_LOADER = "$(TEST_HOST)";
				CODE_SIGN_STYLE = Automatic;
				CURRENT_PROJECT_VERSION = 1;
				DEVELOPMENT_TEAM = L8YJUVC7S3;
				GENERATE_INFOPLIST_FILE = YES;
				IPHONEOS_DEPLOYMENT_TARGET = 16.2;
				MARKETING_VERSION = 1.0;
				PRODUCT_BUNDLE_IDENTIFIER = JosManuell.LandMarksTests;
				PRODUCT_NAME = "$(TARGET_NAME)";
				SWIFT_EMIT_LOC_STRINGS = NO;
				SWIFT_VERSION = 5.0;
				TARGETED_DEVICE_FAMILY = "1,2";
				TEST_HOST = "$(BUILT_PRODUCTS_DIR)/LandMarks.app/$(BUNDLE_EXECUTABLE_FOLDER_PATH)/LandMarks";
			};
			name = Release;
		};
		D345244129A81C6F00A67171 /* Debug */ = {
			isa = XCBuildConfiguration;
			buildSettings = {
				ALWAYS_EMBED_SWIFT_STANDARD_LIBRARIES = YES;
				CODE_SIGN_STYLE = Automatic;
				CURRENT_PROJECT_VERSION = 1;
				DEVELOPMENT_TEAM = L8YJUVC7S3;
				GENERATE_INFOPLIST_FILE = YES;
				MARKETING_VERSION = 1.0;
				PRODUCT_BUNDLE_IDENTIFIER = JosManuell.LandMarksUITests;
				PRODUCT_NAME = "$(TARGET_NAME)";
				SWIFT_EMIT_LOC_STRINGS = NO;
				SWIFT_VERSION = 5.0;
				TARGETED_DEVICE_FAMILY = "1,2";
				TEST_TARGET_NAME = LandMarks;
			};
			name = Debug;
		};
		D345244229A81C6F00A67171 /* Release */ = {
			isa = XCBuildConfiguration;
			buildSettings = {
				ALWAYS_EMBED_SWIFT_STANDARD_LIBRARIES = YES;
				CODE_SIGN_STYLE = Automatic;
				CURRENT_PROJECT_VERSION = 1;
				DEVELOPMENT_TEAM = L8YJUVC7S3;
				GENERATE_INFOPLIST_FILE = YES;
				MARKETING_VERSION = 1.0;
				PRODUCT_BUNDLE_IDENTIFIER = JosManuell.LandMarksUITests;
				PRODUCT_NAME = "$(TARGET_NAME)";
				SWIFT_EMIT_LOC_STRINGS = NO;
				SWIFT_VERSION = 5.0;
				TARGETED_DEVICE_FAMILY = "1,2";
				TEST_TARGET_NAME = LandMarks;
			};
			name = Release;
		};
/* End XCBuildConfiguration section */

/* Begin XCConfigurationList section */
		D345241129A81C6A00A67171 /* Build configuration list for PBXProject "LandMarks" */ = {
			isa = XCConfigurationList;
			buildConfigurations = (
				D345243829A81C6F00A67171 /* Debug */,
				D345243929A81C6F00A67171 /* Release */,
			);
			defaultConfigurationIsVisible = 0;
			defaultConfigurationName = Release;
		};
		D345243A29A81C6F00A67171 /* Build configuration list for PBXNativeTarget "LandMarks" */ = {
			isa = XCConfigurationList;
			buildConfigurations = (
				D345243B29A81C6F00A67171 /* Debug */,
				D345243C29A81C6F00A67171 /* Release */,
			);
			defaultConfigurationIsVisible = 0;
			defaultConfigurationName = Release;
		};
		D345243D29A81C6F00A67171 /* Build configuration list for PBXNativeTarget "LandMarksTests" */ = {
			isa = XCConfigurationList;
			buildConfigurations = (
				D345243E29A81C6F00A67171 /* Debug */,
				D345243F29A81C6F00A67171 /* Release */,
			);
			defaultConfigurationIsVisible = 0;
			defaultConfigurationName = Release;
		};
		D345244029A81C6F00A67171 /* Build configuration list for PBXNativeTarget "LandMarksUITests" */ = {
			isa = XCConfigurationList;
			buildConfigurations = (
				D345244129A81C6F00A67171 /* Debug */,
				D345244229A81C6F00A67171 /* Release */,
			);
			defaultConfigurationIsVisible = 0;
			defaultConfigurationName = Release;
		};
/* End XCConfigurationList section */
	};
	rootObject = D345240E29A81C6A00A67171 /* Project object */;
}
